
Microsoft Visual Studio Solution File, Format Version 12.00
# Visual Studio Version 17
VisualStudioVersion = 17.9.34728.123
MinimumVisualStudioVersion = 10.0.40219.1
Project("{FAE04EC0-301F-11D3-BF4B-00C04F79EFBC}") = "LeaveManagementSystem.Web", "LeaveManagementSystem.Web.csproj", "{02031245-F018-4F59-8D1F-966CCB657543}"
EndProject
Global
	GlobalSection(SolutionConfigurationPlatforms) = preSolution
		Debug|Any CPU = Debug|Any CPU
		Release|Any CPU = Release|Any CPU
	EndGlobalSection
	GlobalSection(ProjectConfigurationPlatforms) = postSolution
		{02031245-F018-4F59-8D1F-966CCB657543}.Debug|Any CPU.ActiveCfg = Debug|Any CPU
		{02031245-F018-4F59-8D1F-966CCB657543}.Debug|Any CPU.Build.0 = Debug|Any CPU
		{02031245-F018-4F59-8D1F-966CCB657543}.Release|Any CPU.ActiveCfg = Release|Any CPU
		{02031245-F018-4F59-8D1F-966CCB657543}.Release|Any CPU.Build.0 = Release|Any CPU
	EndGlobalSection
	GlobalSection(SolutionProperties) = preSolution
		HideSolutionNode = FALSE
	EndGlobalSection
	GlobalSection(ExtensibilityGlobals) = postSolution
		SolutionGuid = {0E43966D-F217-4937-A901-ED0D602D781C}
	EndGlobalSection
EndGlobal
